// !$*UTF8*$!
{
	archiveVersion = 1;
	classes = {
	};
	objectVersion = 52;
	objects = {

/* Begin PBXBuildFile section */
		B10F0DAA2596D8F00048BAB9 /* ViewModel.swift in Sources */ = {isa = PBXBuildFile; fileRef = B10F0DA92596D8F00048BAB9 /* ViewModel.swift */; };
		B10F0DC5259885900048BAB9 /* FavoritesListRow.swift in Sources */ = {isa = PBXBuildFile; fileRef = B10F0DC4259885900048BAB9 /* FavoritesListRow.swift */; };
		B10F0DCA2598872B0048BAB9 /* FavoritesList.swift in Sources */ = {isa = PBXBuildFile; fileRef = B10F0DC92598872B0048BAB9 /* FavoritesList.swift */; };
		B10F0DD22598928C0048BAB9 /* LoginView.swift in Sources */ = {isa = PBXBuildFile; fileRef = B10F0DD12598928C0048BAB9 /* LoginView.swift */; };
		B10F0DD7259896B10048BAB9 /* SafariView.swift in Sources */ = {isa = PBXBuildFile; fileRef = B10F0DD6259896B10048BAB9 /* SafariView.swift */; };
		B10F0DE5259AD5B40048BAB9 /* PreviewViewModel.swift in Sources */ = {isa = PBXBuildFile; fileRef = B10F0DE4259AD5B40048BAB9 /* PreviewViewModel.swift */; };
		B10F0DF0259B5CAC0048BAB9 /* SearchBar.swift in Sources */ = {isa = PBXBuildFile; fileRef = B10F0DEF259B5CAC0048BAB9 /* SearchBar.swift */; };
		B172B5CB25894501002AD37D /* CodableValue.swift in Sources */ = {isa = PBXBuildFile; fileRef = B172B5CA25894501002AD37D /* CodableValue.swift */; };
		B172B5D62589A60F002AD37D /* PhotoLicenseView.swift in Sources */ = {isa = PBXBuildFile; fileRef = B172B5D52589A60E002AD37D /* PhotoLicenseView.swift */; };
		B172B5DB2589A67A002AD37D /* PhotoDetails.swift in Sources */ = {isa = PBXBuildFile; fileRef = B172B5DA2589A679002AD37D /* PhotoDetails.swift */; };
		B172B5E02589A702002AD37D /* MapView.swift in Sources */ = {isa = PBXBuildFile; fileRef = B172B5DF2589A702002AD37D /* MapView.swift */; };
		B172B5E52589A7E5002AD37D /* EmptySection.swift in Sources */ = {isa = PBXBuildFile; fileRef = B172B5E42589A7E5002AD37D /* EmptySection.swift */; };
		B17A858F258EEE2C00705006 /* PhotoCategoryPicker.swift in Sources */ = {isa = PBXBuildFile; fileRef = B17A858E258EEE2C00705006 /* PhotoCategoryPicker.swift */; };
		B17A8594258FB58A00705006 /* PhotoScreen.swift in Sources */ = {isa = PBXBuildFile; fileRef = B17A8593258FB58A00705006 /* PhotoScreen.swift */; };
		B17A8599258FB93A00705006 /* PhotoView.swift in Sources */ = {isa = PBXBuildFile; fileRef = B17A8598258FB93A00705006 /* PhotoView.swift */; };
		B17A85A92590F6B100705006 /* Landscape.swift in Sources */ = {isa = PBXBuildFile; fileRef = B17A85A82590F6B100705006 /* Landscape.swift */; };
		B17A85AE259165DE00705006 /* PhotoScreenView.swift in Sources */ = {isa = PBXBuildFile; fileRef = B17A85AD259165DE00705006 /* PhotoScreenView.swift */; };
		B17A85B32591714500705006 /* CellPhotoView.swift in Sources */ = {isa = PBXBuildFile; fileRef = B17A85B22591714500705006 /* CellPhotoView.swift */; };
		B18994B32591F67F003DD428 /* IncludeRecentPhotosView.swift in Sources */ = {isa = PBXBuildFile; fileRef = B18994B22591F67F003DD428 /* IncludeRecentPhotosView.swift */; };
		B18994B82591F6E8003DD428 /* PhotoFetchLimitView.swift in Sources */ = {isa = PBXBuildFile; fileRef = B18994B72591F6E8003DD428 /* PhotoFetchLimitView.swift */; };
		B18994BD2591FAD2003DD428 /* SettingsScreen.swift in Sources */ = {isa = PBXBuildFile; fileRef = B18994BC2591FAD2003DD428 /* SettingsScreen.swift */; };
		B18994C22591FE43003DD428 /* NearbyPhotosView.swift in Sources */ = {isa = PBXBuildFile; fileRef = B18994C12591FE43003DD428 /* NearbyPhotosView.swift */; };
		B195D4E325885FA3006B1316 /* License.swift in Sources */ = {isa = PBXBuildFile; fileRef = B195D4E025885FA3006B1316 /* License.swift */; };
		B195D4E425885FA3006B1316 /* Photo.swift in Sources */ = {isa = PBXBuildFile; fileRef = B195D4E125885FA3006B1316 /* Photo.swift */; };
		B195D4E525885FA3006B1316 /* PhotoCategory.swift in Sources */ = {isa = PBXBuildFile; fileRef = B195D4E225885FA3006B1316 /* PhotoCategory.swift */; };
		B1CCA24A257DC26A0080FFEA /* MediumArticleFlickrAppApp.swift in Sources */ = {isa = PBXBuildFile; fileRef = B1CCA249257DC26A0080FFEA /* MediumArticleFlickrAppApp.swift */; };
		B1CCA24E257DC26B0080FFEA /* Assets.xcassets in Resources */ = {isa = PBXBuildFile; fileRef = B1CCA24D257DC26B0080FFEA /* Assets.xcassets */; };
		B1CCA251257DC26B0080FFEA /* Preview Assets.xcassets in Resources */ = {isa = PBXBuildFile; fileRef = B1CCA250257DC26B0080FFEA /* Preview Assets.xcassets */; };
		B1CCA25C257DC26B0080FFEA /* MediumArticleFlickrAppTests.swift in Sources */ = {isa = PBXBuildFile; fileRef = B1CCA25B257DC26B0080FFEA /* MediumArticleFlickrAppTests.swift */; };
		B1CCA267257DC26B0080FFEA /* MediumArticleFlickrAppUITests.swift in Sources */ = {isa = PBXBuildFile; fileRef = B1CCA266257DC26B0080FFEA /* MediumArticleFlickrAppUITests.swift */; };
		B1CCA27A257DC2EA0080FFEA /* PhotoGridCell.swift in Sources */ = {isa = PBXBuildFile; fileRef = B1CCA279257DC2EA0080FFEA /* PhotoGridCell.swift */; };
		B1CCA280257DC3520080FFEA /* KingfisherSwiftUI in Frameworks */ = {isa = PBXBuildFile; productRef = B1CCA27F257DC3520080FFEA /* KingfisherSwiftUI */; };
		B1CCA285257DC8F10080FFEA /* PhotoGrid.swift in Sources */ = {isa = PBXBuildFile; fileRef = B1CCA284257DC8F10080FFEA /* PhotoGrid.swift */; };
		B1CCA28A257DCEE70080FFEA /* MainScreen.swift in Sources */ = {isa = PBXBuildFile; fileRef = B1CCA289257DCEE70080FFEA /* MainScreen.swift */; };
/* End PBXBuildFile section */

/* Begin PBXContainerItemProxy section */
		B1CCA258257DC26B0080FFEA /* PBXContainerItemProxy */ = {
			isa = PBXContainerItemProxy;
			containerPortal = B1CCA23E257DC26A0080FFEA /* Project object */;
			proxyType = 1;
			remoteGlobalIDString = B1CCA245257DC26A0080FFEA;
			remoteInfo = MediumArticleFlickrApp;
		};
		B1CCA263257DC26B0080FFEA /* PBXContainerItemProxy */ = {
			isa = PBXContainerItemProxy;
			containerPortal = B1CCA23E257DC26A0080FFEA /* Project object */;
			proxyType = 1;
			remoteGlobalIDString = B1CCA245257DC26A0080FFEA;
			remoteInfo = MediumArticleFlickrApp;
		};
/* End PBXContainerItemProxy section */

/* Begin PBXFileReference section */
		B10F0DA92596D8F00048BAB9 /* ViewModel.swift */ = {isa = PBXFileReference; lastKnownFileType = sourcecode.swift; path = ViewModel.swift; sourceTree = "<group>"; };
		B10F0DC4259885900048BAB9 /* FavoritesListRow.swift */ = {isa = PBXFileReference; fileEncoding = 4; lastKnownFileType = sourcecode.swift; path = FavoritesListRow.swift; sourceTree = "<group>"; };
		B10F0DC92598872B0048BAB9 /* FavoritesList.swift */ = {isa = PBXFileReference; fileEncoding = 4; lastKnownFileType = sourcecode.swift; path = FavoritesList.swift; sourceTree = "<group>"; };
		B10F0DD12598928C0048BAB9 /* LoginView.swift */ = {isa = PBXFileReference; fileEncoding = 4; lastKnownFileType = sourcecode.swift; path = LoginView.swift; sourceTree = "<group>"; };
		B10F0DD6259896B10048BAB9 /* SafariView.swift */ = {isa = PBXFileReference; fileEncoding = 4; lastKnownFileType = sourcecode.swift; path = SafariView.swift; sourceTree = "<group>"; };
		B10F0DE4259AD5B40048BAB9 /* PreviewViewModel.swift */ = {isa = PBXFileReference; lastKnownFileType = sourcecode.swift; path = PreviewViewModel.swift; sourceTree = "<group>"; };
		B10F0DEF259B5CAC0048BAB9 /* SearchBar.swift */ = {isa = PBXFileReference; lastKnownFileType = sourcecode.swift; path = SearchBar.swift; sourceTree = "<group>"; };
		B172B5CA25894501002AD37D /* CodableValue.swift */ = {isa = PBXFileReference; lastKnownFileType = sourcecode.swift; path = CodableValue.swift; sourceTree = "<group>"; };
		B172B5D52589A60E002AD37D /* PhotoLicenseView.swift */ = {isa = PBXFileReference; fileEncoding = 4; lastKnownFileType = sourcecode.swift; path = PhotoLicenseView.swift; sourceTree = "<group>"; };
		B172B5DA2589A679002AD37D /* PhotoDetails.swift */ = {isa = PBXFileReference; fileEncoding = 4; lastKnownFileType = sourcecode.swift; path = PhotoDetails.swift; sourceTree = "<group>"; };
		B172B5DF2589A702002AD37D /* MapView.swift */ = {isa = PBXFileReference; fileEncoding = 4; lastKnownFileType = sourcecode.swift; path = MapView.swift; sourceTree = "<group>"; };
		B172B5E42589A7E5002AD37D /* EmptySection.swift */ = {isa = PBXFileReference; fileEncoding = 4; lastKnownFileType = sourcecode.swift; path = EmptySection.swift; sourceTree = "<group>"; };
		B17A858E258EEE2C00705006 /* PhotoCategoryPicker.swift */ = {isa = PBXFileReference; lastKnownFileType = sourcecode.swift; path = PhotoCategoryPicker.swift; sourceTree = "<group>"; };
		B17A8593258FB58A00705006 /* PhotoScreen.swift */ = {isa = PBXFileReference; lastKnownFileType = sourcecode.swift; path = PhotoScreen.swift; sourceTree = "<group>"; };
		B17A8598258FB93A00705006 /* PhotoView.swift */ = {isa = PBXFileReference; lastKnownFileType = sourcecode.swift; path = PhotoView.swift; sourceTree = "<group>"; };
		B17A85A82590F6B100705006 /* Landscape.swift */ = {isa = PBXFileReference; lastKnownFileType = sourcecode.swift; path = Landscape.swift; sourceTree = "<group>"; };
		B17A85AD259165DE00705006 /* PhotoScreenView.swift */ = {isa = PBXFileReference; lastKnownFileType = sourcecode.swift; path = PhotoScreenView.swift; sourceTree = "<group>"; };
		B17A85B22591714500705006 /* CellPhotoView.swift */ = {isa = PBXFileReference; lastKnownFileType = sourcecode.swift; path = CellPhotoView.swift; sourceTree = "<group>"; };
		B18994B22591F67F003DD428 /* IncludeRecentPhotosView.swift */ = {isa = PBXFileReference; lastKnownFileType = sourcecode.swift; path = IncludeRecentPhotosView.swift; sourceTree = "<group>"; };
		B18994B72591F6E8003DD428 /* PhotoFetchLimitView.swift */ = {isa = PBXFileReference; lastKnownFileType = sourcecode.swift; path = PhotoFetchLimitView.swift; sourceTree = "<group>"; };
		B18994BC2591FAD2003DD428 /* SettingsScreen.swift */ = {isa = PBXFileReference; lastKnownFileType = sourcecode.swift; path = SettingsScreen.swift; sourceTree = "<group>"; };
		B18994C12591FE43003DD428 /* NearbyPhotosView.swift */ = {isa = PBXFileReference; lastKnownFileType = sourcecode.swift; path = NearbyPhotosView.swift; sourceTree = "<group>"; };
		B195D4E025885FA3006B1316 /* License.swift */ = {isa = PBXFileReference; lastKnownFileType = sourcecode.swift; path = License.swift; sourceTree = "<group>"; };
		B195D4E125885FA3006B1316 /* Photo.swift */ = {isa = PBXFileReference; lastKnownFileType = sourcecode.swift; path = Photo.swift; sourceTree = "<group>"; };
		B195D4E225885FA3006B1316 /* PhotoCategory.swift */ = {isa = PBXFileReference; lastKnownFileType = sourcecode.swift; path = PhotoCategory.swift; sourceTree = "<group>"; };
		B1CCA246257DC26A0080FFEA /* MediumArticleFlickrApp.app */ = {isa = PBXFileReference; explicitFileType = wrapper.application; includeInIndex = 0; path = MediumArticleFlickrApp.app; sourceTree = BUILT_PRODUCTS_DIR; };
		B1CCA249257DC26A0080FFEA /* MediumArticleFlickrAppApp.swift */ = {isa = PBXFileReference; lastKnownFileType = sourcecode.swift; path = MediumArticleFlickrAppApp.swift; sourceTree = "<group>"; };
		B1CCA24D257DC26B0080FFEA /* Assets.xcassets */ = {isa = PBXFileReference; lastKnownFileType = folder.assetcatalog; path = Assets.xcassets; sourceTree = "<group>"; };
		B1CCA250257DC26B0080FFEA /* Preview Assets.xcassets */ = {isa = PBXFileReference; lastKnownFileType = folder.assetcatalog; path = "Preview Assets.xcassets"; sourceTree = "<group>"; };
		B1CCA252257DC26B0080FFEA /* Info.plist */ = {isa = PBXFileReference; lastKnownFileType = text.plist.xml; path = Info.plist; sourceTree = "<group>"; };
		B1CCA257257DC26B0080FFEA /* MediumArticleFlickrAppTests.xctest */ = {isa = PBXFileReference; explicitFileType = wrapper.cfbundle; includeInIndex = 0; path = MediumArticleFlickrAppTests.xctest; sourceTree = BUILT_PRODUCTS_DIR; };
		B1CCA25B257DC26B0080FFEA /* MediumArticleFlickrAppTests.swift */ = {isa = PBXFileReference; lastKnownFileType = sourcecode.swift; path = MediumArticleFlickrAppTests.swift; sourceTree = "<group>"; };
		B1CCA25D257DC26B0080FFEA /* Info.plist */ = {isa = PBXFileReference; lastKnownFileType = text.plist.xml; path = Info.plist; sourceTree = "<group>"; };
		B1CCA262257DC26B0080FFEA /* MediumArticleFlickrAppUITests.xctest */ = {isa = PBXFileReference; explicitFileType = wrapper.cfbundle; includeInIndex = 0; path = MediumArticleFlickrAppUITests.xctest; sourceTree = BUILT_PRODUCTS_DIR; };
		B1CCA266257DC26B0080FFEA /* MediumArticleFlickrAppUITests.swift */ = {isa = PBXFileReference; lastKnownFileType = sourcecode.swift; path = MediumArticleFlickrAppUITests.swift; sourceTree = "<group>"; };
		B1CCA268257DC26B0080FFEA /* Info.plist */ = {isa = PBXFileReference; lastKnownFileType = text.plist.xml; path = Info.plist; sourceTree = "<group>"; };
		B1CCA279257DC2EA0080FFEA /* PhotoGridCell.swift */ = {isa = PBXFileReference; lastKnownFileType = sourcecode.swift; path = PhotoGridCell.swift; sourceTree = "<group>"; };
		B1CCA284257DC8F10080FFEA /* PhotoGrid.swift */ = {isa = PBXFileReference; lastKnownFileType = sourcecode.swift; path = PhotoGrid.swift; sourceTree = "<group>"; };
		B1CCA289257DCEE70080FFEA /* MainScreen.swift */ = {isa = PBXFileReference; lastKnownFileType = sourcecode.swift; path = MainScreen.swift; sourceTree = "<group>"; };
/* End PBXFileReference section */

/* Begin PBXFrameworksBuildPhase section */
		B1CCA243257DC26A0080FFEA /* Frameworks */ = {
			isa = PBXFrameworksBuildPhase;
			buildActionMask = 2147483647;
			files = (
				B1CCA280257DC3520080FFEA /* KingfisherSwiftUI in Frameworks */,
			);
			runOnlyForDeploymentPostprocessing = 0;
		};
		B1CCA254257DC26B0080FFEA /* Frameworks */ = {
			isa = PBXFrameworksBuildPhase;
			buildActionMask = 2147483647;
			files = (
			);
			runOnlyForDeploymentPostprocessing = 0;
		};
		B1CCA25F257DC26B0080FFEA /* Frameworks */ = {
			isa = PBXFrameworksBuildPhase;
			buildActionMask = 2147483647;
			files = (
			);
			runOnlyForDeploymentPostprocessing = 0;
		};
/* End PBXFrameworksBuildPhase section */

/* Begin PBXGroup section */
		B195D4C525885F22006B1316 /* Models */ = {
			isa = PBXGroup;
			children = (
				B195D4E025885FA3006B1316 /* License.swift */,
				B195D4E125885FA3006B1316 /* Photo.swift */,
				B195D4E225885FA3006B1316 /* PhotoCategory.swift */,
				B10F0DA92596D8F00048BAB9 /* ViewModel.swift */,
			);
			path = Models;
			sourceTree = "<group>";
		};
		B195D4FD25886058006B1316 /* Utilities */ = {
			isa = PBXGroup;
			children = (
				B172B5CA25894501002AD37D /* CodableValue.swift */,
				B17A85A82590F6B100705006 /* Landscape.swift */,
			);
			path = Utilities;
			sourceTree = "<group>";
		};
		B1CCA23D257DC26A0080FFEA = {
			isa = PBXGroup;
			children = (
				B1CCA248257DC26A0080FFEA /* MediumArticleFlickrApp */,
				B1CCA25A257DC26B0080FFEA /* MediumArticleFlickrAppTests */,
				B1CCA265257DC26B0080FFEA /* MediumArticleFlickrAppUITests */,
				B1CCA247257DC26A0080FFEA /* Products */,
			);
			sourceTree = "<group>";
		};
		B1CCA247257DC26A0080FFEA /* Products */ = {
			isa = PBXGroup;
			children = (
				B1CCA246257DC26A0080FFEA /* MediumArticleFlickrApp.app */,
				B1CCA257257DC26B0080FFEA /* MediumArticleFlickrAppTests.xctest */,
				B1CCA262257DC26B0080FFEA /* MediumArticleFlickrAppUITests.xctest */,
			);
			name = Products;
			sourceTree = "<group>";
		};
		B1CCA248257DC26A0080FFEA /* MediumArticleFlickrApp */ = {
			isa = PBXGroup;
			children = (
				B1CCA24D257DC26B0080FFEA /* Assets.xcassets */,
				B1CCA252257DC26B0080FFEA /* Info.plist */,
				B1CCA249257DC26A0080FFEA /* MediumArticleFlickrAppApp.swift */,
				B195D4C525885F22006B1316 /* Models */,
				B1CCA24F257DC26B0080FFEA /* Preview Content */,
				B1CCA278257DC2B80080FFEA /* Screens */,
				B195D4FD25886058006B1316 /* Utilities */,
				B1CCA277257DC2AF0080FFEA /* Views */,
			);
			path = MediumArticleFlickrApp;
			sourceTree = "<group>";
		};
		B1CCA24F257DC26B0080FFEA /* Preview Content */ = {
			isa = PBXGroup;
			children = (
				B1CCA250257DC26B0080FFEA /* Preview Assets.xcassets */,
				B10F0DE4259AD5B40048BAB9 /* PreviewViewModel.swift */,
			);
			path = "Preview Content";
			sourceTree = "<group>";
		};
		B1CCA25A257DC26B0080FFEA /* MediumArticleFlickrAppTests */ = {
			isa = PBXGroup;
			children = (
				B1CCA25B257DC26B0080FFEA /* MediumArticleFlickrAppTests.swift */,
				B1CCA25D257DC26B0080FFEA /* Info.plist */,
			);
			path = MediumArticleFlickrAppTests;
			sourceTree = "<group>";
		};
		B1CCA265257DC26B0080FFEA /* MediumArticleFlickrAppUITests */ = {
			isa = PBXGroup;
			children = (
				B1CCA266257DC26B0080FFEA /* MediumArticleFlickrAppUITests.swift */,
				B1CCA268257DC26B0080FFEA /* Info.plist */,
			);
			path = MediumArticleFlickrAppUITests;
			sourceTree = "<group>";
		};
		B1CCA277257DC2AF0080FFEA /* Views */ = {
			isa = PBXGroup;
			children = (
				B17A85B22591714500705006 /* CellPhotoView.swift */,
				B172B5E42589A7E5002AD37D /* EmptySection.swift */,
				B10F0DC92598872B0048BAB9 /* FavoritesList.swift */,
				B10F0DC4259885900048BAB9 /* FavoritesListRow.swift */,
				B18994B22591F67F003DD428 /* IncludeRecentPhotosView.swift */,
				B10F0DD12598928C0048BAB9 /* LoginView.swift */,
				B172B5DF2589A702002AD37D /* MapView.swift */,
				B18994C12591FE43003DD428 /* NearbyPhotosView.swift */,
				B17A858E258EEE2C00705006 /* PhotoCategoryPicker.swift */,
				B172B5DA2589A679002AD37D /* PhotoDetails.swift */,
				B18994B72591F6E8003DD428 /* PhotoFetchLimitView.swift */,
				B1CCA284257DC8F10080FFEA /* PhotoGrid.swift */,
				B1CCA279257DC2EA0080FFEA /* PhotoGridCell.swift */,
				B172B5D52589A60E002AD37D /* PhotoLicenseView.swift */,
				B17A85AD259165DE00705006 /* PhotoScreenView.swift */,
				B17A8598258FB93A00705006 /* PhotoView.swift */,
				B10F0DD6259896B10048BAB9 /* SafariView.swift */,
				B10F0DEF259B5CAC0048BAB9 /* SearchBar.swift */,
			);
			path = Views;
			sourceTree = "<group>";
		};
		B1CCA278257DC2B80080FFEA /* Screens */ = {
			isa = PBXGroup;
			children = (
				B1CCA289257DCEE70080FFEA /* MainScreen.swift */,
				B17A8593258FB58A00705006 /* PhotoScreen.swift */,
				B18994BC2591FAD2003DD428 /* SettingsScreen.swift */,
			);
			path = Screens;
			sourceTree = "<group>";
		};
/* End PBXGroup section */

/* Begin PBXNativeTarget section */
		B1CCA245257DC26A0080FFEA /* MediumArticleFlickrApp */ = {
			isa = PBXNativeTarget;
			buildConfigurationList = B1CCA26B257DC26B0080FFEA /* Build configuration list for PBXNativeTarget "MediumArticleFlickrApp" */;
			buildPhases = (
				B1CCA242257DC26A0080FFEA /* Sources */,
				B1CCA243257DC26A0080FFEA /* Frameworks */,
				B1CCA244257DC26A0080FFEA /* Resources */,
			);
			buildRules = (
			);
			dependencies = (
			);
			name = MediumArticleFlickrApp;
			packageProductDependencies = (
				B1CCA27F257DC3520080FFEA /* KingfisherSwiftUI */,
			);
			productName = MediumArticleFlickrApp;
			productReference = B1CCA246257DC26A0080FFEA /* MediumArticleFlickrApp.app */;
			productType = "com.apple.product-type.application";
		};
		B1CCA256257DC26B0080FFEA /* MediumArticleFlickrAppTests */ = {
			isa = PBXNativeTarget;
			buildConfigurationList = B1CCA26E257DC26B0080FFEA /* Build configuration list for PBXNativeTarget "MediumArticleFlickrAppTests" */;
			buildPhases = (
				B1CCA253257DC26B0080FFEA /* Sources */,
				B1CCA254257DC26B0080FFEA /* Frameworks */,
				B1CCA255257DC26B0080FFEA /* Resources */,
			);
			buildRules = (
			);
			dependencies = (
				B1CCA259257DC26B0080FFEA /* PBXTargetDependency */,
			);
			name = MediumArticleFlickrAppTests;
			productName = MediumArticleFlickrAppTests;
			productReference = B1CCA257257DC26B0080FFEA /* MediumArticleFlickrAppTests.xctest */;
			productType = "com.apple.product-type.bundle.unit-test";
		};
		B1CCA261257DC26B0080FFEA /* MediumArticleFlickrAppUITests */ = {
			isa = PBXNativeTarget;
			buildConfigurationList = B1CCA271257DC26B0080FFEA /* Build configuration list for PBXNativeTarget "MediumArticleFlickrAppUITests" */;
			buildPhases = (
				B1CCA25E257DC26B0080FFEA /* Sources */,
				B1CCA25F257DC26B0080FFEA /* Frameworks */,
				B1CCA260257DC26B0080FFEA /* Resources */,
			);
			buildRules = (
			);
			dependencies = (
				B1CCA264257DC26B0080FFEA /* PBXTargetDependency */,
			);
			name = MediumArticleFlickrAppUITests;
			productName = MediumArticleFlickrAppUITests;
			productReference = B1CCA262257DC26B0080FFEA /* MediumArticleFlickrAppUITests.xctest */;
			productType = "com.apple.product-type.bundle.ui-testing";
		};
/* End PBXNativeTarget section */

/* Begin PBXProject section */
		B1CCA23E257DC26A0080FFEA /* Project object */ = {
			isa = PBXProject;
			attributes = {
				LastSwiftUpdateCheck = 1220;
				LastUpgradeCheck = 1220;
				TargetAttributes = {
					B1CCA245257DC26A0080FFEA = {
						CreatedOnToolsVersion = 12.2;
					};
					B1CCA256257DC26B0080FFEA = {
						CreatedOnToolsVersion = 12.2;
						TestTargetID = B1CCA245257DC26A0080FFEA;
					};
					B1CCA261257DC26B0080FFEA = {
						CreatedOnToolsVersion = 12.2;
						TestTargetID = B1CCA245257DC26A0080FFEA;
					};
				};
			};
			buildConfigurationList = B1CCA241257DC26A0080FFEA /* Build configuration list for PBXProject "MediumArticleFlickrApp" */;
			compatibilityVersion = "Xcode 9.3";
			developmentRegion = en;
			hasScannedForEncodings = 0;
			knownRegions = (
				en,
				Base,
			);
			mainGroup = B1CCA23D257DC26A0080FFEA;
			packageReferences = (
				B1CCA27E257DC3520080FFEA /* XCRemoteSwiftPackageReference "Kingfisher" */,
			);
			productRefGroup = B1CCA247257DC26A0080FFEA /* Products */;
			projectDirPath = "";
			projectRoot = "";
			targets = (
				B1CCA245257DC26A0080FFEA /* MediumArticleFlickrApp */,
				B1CCA256257DC26B0080FFEA /* MediumArticleFlickrAppTests */,
				B1CCA261257DC26B0080FFEA /* MediumArticleFlickrAppUITests */,
			);
		};
/* End PBXProject section */

/* Begin PBXResourcesBuildPhase section */
		B1CCA244257DC26A0080FFEA /* Resources */ = {
			isa = PBXResourcesBuildPhase;
			buildActionMask = 2147483647;
			files = (
				B1CCA251257DC26B0080FFEA /* Preview Assets.xcassets in Resources */,
				B1CCA24E257DC26B0080FFEA /* Assets.xcassets in Resources */,
			);
			runOnlyForDeploymentPostprocessing = 0;
		};
		B1CCA255257DC26B0080FFEA /* Resources */ = {
			isa = PBXResourcesBuildPhase;
			buildActionMask = 2147483647;
			files = (
			);
			runOnlyForDeploymentPostprocessing = 0;
		};
		B1CCA260257DC26B0080FFEA /* Resources */ = {
			isa = PBXResourcesBuildPhase;
			buildActionMask = 2147483647;
			files = (
			);
			runOnlyForDeploymentPostprocessing = 0;
		};
/* End PBXResourcesBuildPhase section */

/* Begin PBXSourcesBuildPhase section */
		B1CCA242257DC26A0080FFEA /* Sources */ = {
			isa = PBXSourcesBuildPhase;
			buildActionMask = 2147483647;
			files = (
				B172B5E02589A702002AD37D /* MapView.swift in Sources */,
				B195D4E525885FA3006B1316 /* PhotoCategory.swift in Sources */,
				B1CCA27A257DC2EA0080FFEA /* PhotoGridCell.swift in Sources */,
				B17A858F258EEE2C00705006 /* PhotoCategoryPicker.swift in Sources */,
				B18994BD2591FAD2003DD428 /* SettingsScreen.swift in Sources */,
				B172B5D62589A60F002AD37D /* PhotoLicenseView.swift in Sources */,
				B195D4E425885FA3006B1316 /* Photo.swift in Sources */,
				B17A85B32591714500705006 /* CellPhotoView.swift in Sources */,
				B17A85A92590F6B100705006 /* Landscape.swift in Sources */,
				B10F0DAA2596D8F00048BAB9 /* ViewModel.swift in Sources */,
				B18994B32591F67F003DD428 /* IncludeRecentPhotosView.swift in Sources */,
				B1CCA28A257DCEE70080FFEA /* MainScreen.swift in Sources */,
				B17A8594258FB58A00705006 /* PhotoScreen.swift in Sources */,
				B172B5CB25894501002AD37D /* CodableValue.swift in Sources */,
				B17A85AE259165DE00705006 /* PhotoScreenView.swift in Sources */,
				B172B5DB2589A67A002AD37D /* PhotoDetails.swift in Sources */,
				B10F0DCA2598872B0048BAB9 /* FavoritesList.swift in Sources */,
				B10F0DE5259AD5B40048BAB9 /* PreviewViewModel.swift in Sources */,
				B10F0DF0259B5CAC0048BAB9 /* SearchBar.swift in Sources */,
				B1CCA285257DC8F10080FFEA /* PhotoGrid.swift in Sources */,
				B18994C22591FE43003DD428 /* NearbyPhotosView.swift in Sources */,
				B10F0DD7259896B10048BAB9 /* SafariView.swift in Sources */,
				B1CCA24A257DC26A0080FFEA /* MediumArticleFlickrAppApp.swift in Sources */,
				B10F0DD22598928C0048BAB9 /* LoginView.swift in Sources */,
				B18994B82591F6E8003DD428 /* PhotoFetchLimitView.swift in Sources */,
				B10F0DC5259885900048BAB9 /* FavoritesListRow.swift in Sources */,
				B195D4E325885FA3006B1316 /* License.swift in Sources */,
				B172B5E52589A7E5002AD37D /* EmptySection.swift in Sources */,
				B17A8599258FB93A00705006 /* PhotoView.swift in Sources */,
			);
			runOnlyForDeploymentPostprocessing = 0;
		};
		B1CCA253257DC26B0080FFEA /* Sources */ = {
			isa = PBXSourcesBuildPhase;
			buildActionMask = 2147483647;
			files = (
				B1CCA25C257DC26B0080FFEA /* MediumArticleFlickrAppTests.swift in Sources */,
			);
			runOnlyForDeploymentPostprocessing = 0;
		};
		B1CCA25E257DC26B0080FFEA /* Sources */ = {
			isa = PBXSourcesBuildPhase;
			buildActionMask = 2147483647;
			files = (
				B1CCA267257DC26B0080FFEA /* MediumArticleFlickrAppUITests.swift in Sources */,
			);
			runOnlyForDeploymentPostprocessing = 0;
		};
/* End PBXSourcesBuildPhase section */

/* Begin PBXTargetDependency section */
		B1CCA259257DC26B0080FFEA /* PBXTargetDependency */ = {
			isa = PBXTargetDependency;
			target = B1CCA245257DC26A0080FFEA /* MediumArticleFlickrApp */;
			targetProxy = B1CCA258257DC26B0080FFEA /* PBXContainerItemProxy */;
		};
		B1CCA264257DC26B0080FFEA /* PBXTargetDependency */ = {
			isa = PBXTargetDependency;
			target = B1CCA245257DC26A0080FFEA /* MediumArticleFlickrApp */;
			targetProxy = B1CCA263257DC26B0080FFEA /* PBXContainerItemProxy */;
		};
/* End PBXTargetDependency section */

/* Begin XCBuildConfiguration section */
		B1CCA269257DC26B0080FFEA /* Debug */ = {
			isa = XCBuildConfiguration;
			buildSettings = {
				ALWAYS_SEARCH_USER_PATHS = NO;
				CLANG_ANALYZER_NONNULL = YES;
				CLANG_ANALYZER_NUMBER_OBJECT_CONVERSION = YES_AGGRESSIVE;
				CLANG_CXX_LANGUAGE_STANDARD = "gnu++14";
				CLANG_CXX_LIBRARY = "libc++";
				CLANG_ENABLE_MODULES = YES;
				CLANG_ENABLE_OBJC_ARC = YES;
				CLANG_ENABLE_OBJC_WEAK = YES;
				CLANG_WARN_BLOCK_CAPTURE_AUTORELEASING = YES;
				CLANG_WARN_BOOL_CONVERSION = YES;
				CLANG_WARN_COMMA = YES;
				CLANG_WARN_CONSTANT_CONVERSION = YES;
				CLANG_WARN_DEPRECATED_OBJC_IMPLEMENTATIONS = YES;
				CLANG_WARN_DIRECT_OBJC_ISA_USAGE = YES_ERROR;
				CLANG_WARN_DOCUMENTATION_COMMENTS = YES;
				CLANG_WARN_EMPTY_BODY = YES;
				CLANG_WARN_ENUM_CONVERSION = YES;
				CLANG_WARN_INFINITE_RECURSION = YES;
				CLANG_WARN_INT_CONVERSION = YES;
				CLANG_WARN_NON_LITERAL_NULL_CONVERSION = YES;
				CLANG_WARN_OBJC_IMPLICIT_RETAIN_SELF = YES;
				CLANG_WARN_OBJC_LITERAL_CONVERSION = YES;
				CLANG_WARN_OBJC_ROOT_CLASS = YES_ERROR;
				CLANG_WARN_QUOTED_INCLUDE_IN_FRAMEWORK_HEADER = YES;
				CLANG_WARN_RANGE_LOOP_ANALYSIS = YES;
				CLANG_WARN_STRICT_PROTOTYPES = YES;
				CLANG_WARN_SUSPICIOUS_MOVE = YES;
				CLANG_WARN_UNGUARDED_AVAILABILITY = YES_AGGRESSIVE;
				CLANG_WARN_UNREACHABLE_CODE = YES;
				CLANG_WARN__DUPLICATE_METHOD_MATCH = YES;
				COPY_PHASE_STRIP = NO;
				DEBUG_INFORMATION_FORMAT = dwarf;
				ENABLE_STRICT_OBJC_MSGSEND = YES;
				ENABLE_TESTABILITY = YES;
				GCC_C_LANGUAGE_STANDARD = gnu11;
				GCC_DYNAMIC_NO_PIC = NO;
				GCC_NO_COMMON_BLOCKS = YES;
				GCC_OPTIMIZATION_LEVEL = 0;
				GCC_PREPROCESSOR_DEFINITIONS = (
					"DEBUG=1",
					"$(inherited)",
				);
				GCC_WARN_64_TO_32_BIT_CONVERSION = YES;
				GCC_WARN_ABOUT_RETURN_TYPE = YES_ERROR;
				GCC_WARN_UNDECLARED_SELECTOR = YES;
				GCC_WARN_UNINITIALIZED_AUTOS = YES_AGGRESSIVE;
				GCC_WARN_UNUSED_FUNCTION = YES;
				GCC_WARN_UNUSED_VARIABLE = YES;
				IPHONEOS_DEPLOYMENT_TARGET = 14.2;
				MTL_ENABLE_DEBUG_INFO = INCLUDE_SOURCE;
				MTL_FAST_MATH = YES;
				ONLY_ACTIVE_ARCH = YES;
				SDKROOT = iphoneos;
				SWIFT_ACTIVE_COMPILATION_CONDITIONS = DEBUG;
				SWIFT_OPTIMIZATION_LEVEL = "-Onone";
			};
			name = Debug;
		};
		B1CCA26A257DC26B0080FFEA /* Release */ = {
			isa = XCBuildConfiguration;
			buildSettings = {
				ALWAYS_SEARCH_USER_PATHS = NO;
				CLANG_ANALYZER_NONNULL = YES;
				CLANG_ANALYZER_NUMBER_OBJECT_CONVERSION = YES_AGGRESSIVE;
				CLANG_CXX_LANGUAGE_STANDARD = "gnu++14";
				CLANG_CXX_LIBRARY = "libc++";
				CLANG_ENABLE_MODULES = YES;
				CLANG_ENABLE_OBJC_ARC = YES;
				CLANG_ENABLE_OBJC_WEAK = YES;
				CLANG_WARN_BLOCK_CAPTURE_AUTORELEASING = YES;
				CLANG_WARN_BOOL_CONVERSION = YES;
				CLANG_WARN_COMMA = YES;
				CLANG_WARN_CONSTANT_CONVERSION = YES;
				CLANG_WARN_DEPRECATED_OBJC_IMPLEMENTATIONS = YES;
				CLANG_WARN_DIRECT_OBJC_ISA_USAGE = YES_ERROR;
				CLANG_WARN_DOCUMENTATION_COMMENTS = YES;
				CLANG_WARN_EMPTY_BODY = YES;
				CLANG_WARN_ENUM_CONVERSION = YES;
				CLANG_WARN_INFINITE_RECURSION = YES;
				CLANG_WARN_INT_CONVERSION = YES;
				CLANG_WARN_NON_LITERAL_NULL_CONVERSION = YES;
				CLANG_WARN_OBJC_IMPLICIT_RETAIN_SELF = YES;
				CLANG_WARN_OBJC_LITERAL_CONVERSION = YES;
				CLANG_WARN_OBJC_ROOT_CLASS = YES_ERROR;
				CLANG_WARN_QUOTED_INCLUDE_IN_FRAMEWORK_HEADER = YES;
				CLANG_WARN_RANGE_LOOP_ANALYSIS = YES;
				CLANG_WARN_STRICT_PROTOTYPES = YES;
				CLANG_WARN_SUSPICIOUS_MOVE = YES;
				CLANG_WARN_UNGUARDED_AVAILABILITY = YES_AGGRESSIVE;
				CLANG_WARN_UNREACHABLE_CODE = YES;
				CLANG_WARN__DUPLICATE_METHOD_MATCH = YES;
				COPY_PHASE_STRIP = NO;
				DEBUG_INFORMATION_FORMAT = "dwarf-with-dsym";
				ENABLE_NS_ASSERTIONS = NO;
				ENABLE_STRICT_OBJC_MSGSEND = YES;
				GCC_C_LANGUAGE_STANDARD = gnu11;
				GCC_NO_COMMON_BLOCKS = YES;
				GCC_WARN_64_TO_32_BIT_CONVERSION = YES;
				GCC_WARN_ABOUT_RETURN_TYPE = YES_ERROR;
				GCC_WARN_UNDECLARED_SELECTOR = YES;
				GCC_WARN_UNINITIALIZED_AUTOS = YES_AGGRESSIVE;
				GCC_WARN_UNUSED_FUNCTION = YES;
				GCC_WARN_UNUSED_VARIABLE = YES;
				IPHONEOS_DEPLOYMENT_TARGET = 14.2;
				MTL_ENABLE_DEBUG_INFO = NO;
				MTL_FAST_MATH = YES;
				SDKROOT = iphoneos;
				SWIFT_COMPILATION_MODE = wholemodule;
				SWIFT_OPTIMIZATION_LEVEL = "-O";
				VALIDATE_PRODUCT = YES;
			};
			name = Release;
		};
		B1CCA26C257DC26B0080FFEA /* Debug */ = {
			isa = XCBuildConfiguration;
			buildSettings = {
				ASSETCATALOG_COMPILER_APPICON_NAME = AppIcon;
				ASSETCATALOG_COMPILER_GLOBAL_ACCENT_COLOR_NAME = AccentColor;
				CODE_SIGN_STYLE = Automatic;
				DEVELOPMENT_ASSET_PATHS = "\"MediumArticleFlickrApp/Preview Content\"";
				DEVELOPMENT_TEAM = W7ULA4X9L6;
				ENABLE_PREVIEWS = YES;
				INFOPLIST_FILE = MediumArticleFlickrApp/Info.plist;
				IPHONEOS_DEPLOYMENT_TARGET = 14.0;
				LD_RUNPATH_SEARCH_PATHS = (
					"$(inherited)",
					"@executable_path/Frameworks",
				);
				PRODUCT_BUNDLE_IDENTIFIER = com.abneyservices.MediumArticleFlickrApp;
				PRODUCT_NAME = "$(TARGET_NAME)";
				SWIFT_VERSION = 5.0;
				TARGETED_DEVICE_FAMILY = "1,2";
			};
			name = Debug;
		};
		B1CCA26D257DC26B0080FFEA /* Release */ = {
			isa = XCBuildConfiguration;
			buildSettings = {
				ASSETCATALOG_COMPILER_APPICON_NAME = AppIcon;
				ASSETCATALOG_COMPILER_GLOBAL_ACCENT_COLOR_NAME = AccentColor;
				CODE_SIGN_STYLE = Automatic;
				DEVELOPMENT_ASSET_PATHS = "\"MediumArticleFlickrApp/Preview Content\"";
				DEVELOPMENT_TEAM = W7ULA4X9L6;
				ENABLE_PREVIEWS = YES;
				INFOPLIST_FILE = MediumArticleFlickrApp/Info.plist;
				IPHONEOS_DEPLOYMENT_TARGET = 14.0;
				LD_RUNPATH_SEARCH_PATHS = (
					"$(inherited)",
					"@executable_path/Frameworks",
				);
				PRODUCT_BUNDLE_IDENTIFIER = com.abneyservices.MediumArticleFlickrApp;
				PRODUCT_NAME = "$(TARGET_NAME)";
				SWIFT_VERSION = 5.0;
				TARGETED_DEVICE_FAMILY = "1,2";
			};
			name = Release;
		};
		B1CCA26F257DC26B0080FFEA /* Debug */ = {
			isa = XCBuildConfiguration;
			buildSettings = {
				ALWAYS_EMBED_SWIFT_STANDARD_LIBRARIES = YES;
				BUNDLE_LOADER = "$(TEST_HOST)";
				CODE_SIGN_STYLE = Automatic;
				DEVELOPMENT_TEAM = W7ULA4X9L6;
				INFOPLIST_FILE = MediumArticleFlickrAppTests/Info.plist;
				IPHONEOS_DEPLOYMENT_TARGET = 14.0;
				LD_RUNPATH_SEARCH_PATHS = (
					"$(inherited)",
					"@executable_path/Frameworks",
					"@loader_path/Frameworks",
				);
				PRODUCT_BUNDLE_IDENTIFIER = com.abneyservices.MediumArticleFlickrAppTests;
				PRODUCT_NAME = "$(TARGET_NAME)";
				SWIFT_VERSION = 5.0;
				TARGETED_DEVICE_FAMILY = "1,2";
				TEST_HOST = "$(BUILT_PRODUCTS_DIR)/MediumArticleFlickrApp.app/MediumArticleFlickrApp";
			};
			name = Debug;
		};
		B1CCA270257DC26B0080FFEA /* Release */ = {
			isa = XCBuildConfiguration;
			buildSettings = {
				ALWAYS_EMBED_SWIFT_STANDARD_LIBRARIES = YES;
				BUNDLE_LOADER = "$(TEST_HOST)";
				CODE_SIGN_STYLE = Automatic;
				DEVELOPMENT_TEAM = W7ULA4X9L6;
				INFOPLIST_FILE = MediumArticleFlickrAppTests/Info.plist;
				IPHONEOS_DEPLOYMENT_TARGET = 14.0;
				LD_RUNPATH_SEARCH_PATHS = (
					"$(inherited)",
					"@executable_path/Frameworks",
					"@loader_path/Frameworks",
				);
				PRODUCT_BUNDLE_IDENTIFIER = com.abneyservices.MediumArticleFlickrAppTests;
				PRODUCT_NAME = "$(TARGET_NAME)";
				SWIFT_VERSION = 5.0;
				TARGETED_DEVICE_FAMILY = "1,2";
				TEST_HOST = "$(BUILT_PRODUCTS_DIR)/MediumArticleFlickrApp.app/MediumArticleFlickrApp";
			};
			name = Release;
		};
		B1CCA272257DC26B0080FFEA /* Debug */ = {
			isa = XCBuildConfiguration;
			buildSettings = {
				ALWAYS_EMBED_SWIFT_STANDARD_LIBRARIES = YES;
				CODE_SIGN_STYLE = Automatic;
				DEVELOPMENT_TEAM = W7ULA4X9L6;
				INFOPLIST_FILE = MediumArticleFlickrAppUITests/Info.plist;
				LD_RUNPATH_SEARCH_PATHS = (
					"$(inherited)",
					"@executable_path/Frameworks",
					"@loader_path/Frameworks",
				);
				PRODUCT_BUNDLE_IDENTIFIER = com.abneyservices.MediumArticleFlickrAppUITests;
				PRODUCT_NAME = "$(TARGET_NAME)";
				SWIFT_VERSION = 5.0;
				TARGETED_DEVICE_FAMILY = "1,2";
				TEST_TARGET_NAME = MediumArticleFlickrApp;
			};
			name = Debug;
		};
		B1CCA273257DC26B0080FFEA /* Release */ = {
			isa = XCBuildConfiguration;
			buildSettings = {
				ALWAYS_EMBED_SWIFT_STANDARD_LIBRARIES = YES;
				CODE_SIGN_STYLE = Automatic;
				DEVELOPMENT_TEAM = W7ULA4X9L6;
				INFOPLIST_FILE = MediumArticleFlickrAppUITests/Info.plist;
				LD_RUNPATH_SEARCH_PATHS = (
					"$(inherited)",
					"@executable_path/Frameworks",
					"@loader_path/Frameworks",
				);
				PRODUCT_BUNDLE_IDENTIFIER = com.abneyservices.MediumArticleFlickrAppUITests;
				PRODUCT_NAME = "$(TARGET_NAME)";
				SWIFT_VERSION = 5.0;
				TARGETED_DEVICE_FAMILY = "1,2";
				TEST_TARGET_NAME = MediumArticleFlickrApp;
			};
			name = Release;
		};
/* End XCBuildConfiguration section */

/* Begin XCConfigurationList section */
		B1CCA241257DC26A0080FFEA /* Build configuration list for PBXProject "MediumArticleFlickrApp" */ = {
			isa = XCConfigurationList;
			buildConfigurations = (
				B1CCA269257DC26B0080FFEA /* Debug */,
				B1CCA26A257DC26B0080FFEA /* Release */,
			);
			defaultConfigurationIsVisible = 0;
			defaultConfigurationName = Release;
		};
		B1CCA26B257DC26B0080FFEA /* Build configuration list for PBXNativeTarget "MediumArticleFlickrApp" */ = {
			isa = XCConfigurationList;
			buildConfigurations = (
				B1CCA26C257DC26B0080FFEA /* Debug */,
				B1CCA26D257DC26B0080FFEA /* Release */,
			);
			defaultConfigurationIsVisible = 0;
			defaultConfigurationName = Release;
		};
		B1CCA26E257DC26B0080FFEA /* Build configuration list for PBXNativeTarget "MediumArticleFlickrAppTests" */ = {
			isa = XCConfigurationList;
			buildConfigurations = (
				B1CCA26F257DC26B0080FFEA /* Debug */,
				B1CCA270257DC26B0080FFEA /* Release */,
			);
			defaultConfigurationIsVisible = 0;
			defaultConfigurationName = Release;
		};
		B1CCA271257DC26B0080FFEA /* Build configuration list for PBXNativeTarget "MediumArticleFlickrAppUITests" */ = {
			isa = XCConfigurationList;
			buildConfigurations = (
				B1CCA272257DC26B0080FFEA /* Debug */,
				B1CCA273257DC26B0080FFEA /* Release */,
			);
			defaultConfigurationIsVisible = 0;
			defaultConfigurationName = Release;
		};
/* End XCConfigurationList section */

/* Begin XCRemoteSwiftPackageReference section */
		B1CCA27E257DC3520080FFEA /* XCRemoteSwiftPackageReference "Kingfisher" */ = {
			isa = XCRemoteSwiftPackageReference;
			repositoryURL = "https://github.com/onevcat/Kingfisher";
			requirement = {
				kind = upToNextMajorVersion;
				minimumVersion = 5.15.8;
			};
		};
/* End XCRemoteSwiftPackageReference section */

/* Begin XCSwiftPackageProductDependency section */
		B1CCA27F257DC3520080FFEA /* KingfisherSwiftUI */ = {
			isa = XCSwiftPackageProductDependency;
			package = B1CCA27E257DC3520080FFEA /* XCRemoteSwiftPackageReference "Kingfisher" */;
			productName = KingfisherSwiftUI;
		};
/* End XCSwiftPackageProductDependency section */
	};
	rootObject = B1CCA23E257DC26A0080FFEA /* Project object */;
}
